
Microsoft Visual Studio Solution File, Format Version 12.00
# Visual Studio 15
VisualStudioVersion = 15.0.26228.13
MinimumVisualStudioVersion = 10.0.40219.1
Project("{FAE04EC0-301F-11D3-BF4B-00C04F79EFBC}") = "housemaker", "housemaker\housemaker.csproj", "{F38CBED7-B1B9-4088-9EE7-500B54632720}"
EndProject
Project("{FAE04EC0-301F-11D3-BF4B-00C04F79EFBC}") = "housemaker.Tests", "housemaker.Tests\housemaker.Tests.csproj", "{E19C3A76-DC49-49EC-91CA-E22F3ED91FF4}"
EndProject
Global
	GlobalSection(SolutionConfigurationPlatforms) = preSolution
		Debug|Any CPU = Debug|Any CPU
		Release|Any CPU = Release|Any CPU
	EndGlobalSection
	GlobalSection(ProjectConfigurationPlatforms) = postSolution
		{F38CBED7-B1B9-4088-9EE7-500B54632720}.Debug|Any CPU.ActiveCfg = Debug|Any CPU
		{F38CBED7-B1B9-4088-9EE7-500B54632720}.Debug|Any CPU.Build.0 = Debug|Any CPU
		{F38CBED7-B1B9-4088-9EE7-500B54632720}.Release|Any CPU.ActiveCfg = Release|Any CPU
		{F38CBED7-B1B9-4088-9EE7-500B54632720}.Release|Any CPU.Build.0 = Release|Any CPU
		{E19C3A76-DC49-49EC-91CA-E22F3ED91FF4}.Debug|Any CPU.ActiveCfg = Debug|Any CPU
		{E19C3A76-DC49-49EC-91CA-E22F3ED91FF4}.Debug|Any CPU.Build.0 = Debug|Any CPU
		{E19C3A76-DC49-49EC-91CA-E22F3ED91FF4}.Release|Any CPU.ActiveCfg = Release|Any CPU
		{E19C3A76-DC49-49EC-91CA-E22F3ED91FF4}.Release|Any CPU.Build.0 = Release|Any CPU
	EndGlobalSection
	GlobalSection(SolutionProperties) = preSolution
		HideSolutionNode = FALSE
	EndGlobalSection
EndGlobal
